
Microsoft Visual Studio Solution File, Format Version 11.00
# Visual Studio 2010
Project("{8BC9CEB8-8B4A-11D0-8D11-00A0C91BC942}") = "EvePathfinder", "EvePathfinder.vcxproj", "{DE16DB0B-6C1D-1C2C-83C5-99EF143325B7}"
EndProject
Global
	GlobalSection(SolutionConfigurationPlatforms) = preSolution
		Debug|Win32 = Debug|Win32
		Debug|x64 = Debug|x64
		Release|Win32 = Release|Win32
		Release|x64 = Release|x64
	EndGlobalSection
	GlobalSection(ProjectConfigurationPlatforms) = postSolution
		{DE16DB0B-6C1D-1C2C-83C5-99EF143325B7}.Debug|Win32.ActiveCfg = Release_27|Win32
		{DE16DB0B-6C1D-1C2C-83C5-99EF143325B7}.Debug|Win32.Build.0 = Release_27|Win32
		{DE16DB0B-6C1D-1C2C-83C5-99EF143325B7}.Debug|x64.ActiveCfg = Release_27|x64
		{DE16DB0B-6C1D-1C2C-83C5-99EF143325B7}.Debug|x64.Build.0 = Release_27|x64
		{DE16DB0B-6C1D-1C2C-83C5-99EF143325B7}.Release|Win32.ActiveCfg = Release_27|Win32
		{DE16DB0B-6C1D-1C2C-83C5-99EF143325B7}.Release|Win32.Build.0 = Release_27|Win32
		{DE16DB0B-6C1D-1C2C-83C5-99EF143325B7}.Release|x64.ActiveCfg = Release_27|x64
	EndGlobalSection
	GlobalSection(SolutionProperties) = preSolution
		HideSolutionNode = FALSE
	EndGlobalSection
EndGlobal
