<?xml version="1.0" encoding="utf-8"?>
<Project ToolsVersion="4.0" xmlns="http://schemas.microsoft.com/developer/msbuild/2003">
  <ItemGroup>
    <Filter Include="Source Files" />
    <Filter Include="Source Files\Include" />
  </ItemGroup>
  <ItemGroup>
    <ClInclude Include="autoversion.h">
      <Filter>Source Files</Filter>
    </ClInclude>
    <ClInclude Include="EveDjikstrasGoal.h">
      <Filter>Source Files</Filter>
    </ClInclude>
    <ClInclude Include="EveFloodFillGoal.h">
      <Filter>Source Files</Filter>
    </ClInclude>
    <ClInclude Include="EveMap.h">
      <Filter>Source Files</Filter>
    </ClInclude>
    <ClInclude Include="EveMapNodes.h">
      <Filter>Source Files</Filter>
    </ClInclude>
    <ClInclude Include="EveMapPathfinderCache.h">
      <Filter>Source Files</Filter>
    </ClInclude>
    <ClInclude Include="EvePathfinder.h">
      <Filter>Source Files</Filter>
    </ClInclude>
    <ClInclude Include="EveStandardFloodfillGoal.h">
      <Filter>Source Files</Filter>
    </ClInclude>
    <ClInclude Include="PResultBeResult.h">
      <Filter>Source Files</Filter>
    </ClInclude>
    <ClInclude Include="stdafx.h">
      <Filter>Source Files</Filter>
    </ClInclude>
    <ClInclude Include="Include\IEvePathfinderGoal.h">
      <Filter>Source Files\Include</Filter>
    </ClInclude>
    <ClCompile Include="EveDjikstrasGoal.cpp">
      <Filter>Source Files</Filter>
    </ClCompile>
    <ClCompile Include="EveDjikstrasGoal_Blue.cpp">
      <Filter>Source Files</Filter>
    </ClCompile>
    <ClCompile Include="EveFloodFillGoal.cpp">
      <Filter>Source Files</Filter>
    </ClCompile>
    <ClCompile Include="EveMap.cpp">
      <Filter>Source Files</Filter>
    </ClCompile>
    <ClCompile Include="EveMapPathfinderCache.cpp">
      <Filter>Source Files</Filter>
    </ClCompile>
    <ClCompile Include="EveMapPathfinderCache_Blue.cpp">
      <Filter>Source Files</Filter>
    </ClCompile>
    <ClCompile Include="EveMap_Blue.cpp">
      <Filter>Source Files</Filter>
    </ClCompile>
    <ClCompile Include="EvePathfinder.cpp">
      <Filter>Source Files</Filter>
    </ClCompile>
    <ClCompile Include="EveStandardFloodfillGoal.cpp">
      <Filter>Source Files</Filter>
    </ClCompile>
    <ClCompile Include="EveStandardFloodfillGoal_Blue.cpp">
      <Filter>Source Files</Filter>
    </ClCompile>
    <ClCompile Include="IEvePathfinderGoal_Blue.cpp">
      <Filter>Source Files</Filter>
    </ClCompile>
    <ClCompile Include="stdafx.cpp">
      <Filter>Source Files</Filter>
    </ClCompile>
    <ClCompile Include="testEvePathfinder.cpp">
      <Filter>Source Files</Filter>
    </ClCompile>
  </ItemGroup>
</Project>
